{
  "version": 4,
  "terraform_version": "1.8.1",
  "serial": 10,
  "lineage": "e231d793-e505-fd24-bb30-385aaf61981e",
  "outputs": {},
  "resources": [
    {
      "mode": "data",
      "type": "azuread_client_config",
      "name": "current",
      "provider": "provider[\"registry.terraform.io/hashicorp/azuread\"]",
      "instances": [
        {
          "schema_version": 0,
          "attributes": {
            "client_id": "04b07795-8ddb-461a-bbee-02f9e1bf7b46",
            "id": "30b63a6d-92e7-4db7-bc45-0d5dd3b77339-04b07795-8ddb-461a-bbee-02f9e1bf7b46-98fe4c4e-8e68-4b1d-bc5a-a52c6d254031",
            "object_id": "98fe4c4e-8e68-4b1d-bc5a-a52c6d254031",
            "tenant_id": "30b63a6d-92e7-4db7-bc45-0d5dd3b77339",
            "timeouts": null
          },
          "sensitive_attributes": []
        }
      ]
    },
    {
      "mode": "data",
      "type": "azurerm_subscription",
      "name": "current",
      "provider": "provider[\"registry.terraform.io/hashicorp/azurerm\"]",
      "instances": [
        {
          "schema_version": 0,
          "attributes": {
            "display_name": "Visual Studio Enterprise Subscription – MPN",
            "id": "/subscriptions/54a6922c-ad71-4470-addc-1273464f45e0",
            "location_placement_id": "Public_2014-09-01",
            "quota_id": "MSDN_2014-09-01",
            "spending_limit": "On",
            "state": "Enabled",
            "subscription_id": "54a6922c-ad71-4470-addc-1273464f45e0",
            "tags": {},
            "tenant_id": "30b63a6d-92e7-4db7-bc45-0d5dd3b77339",
            "timeouts": null
          },
          "sensitive_attributes": []
        }
      ]
    },
    {
      "mode": "managed",
      "type": "azuread_group",
      "name": "admins",
      "provider": "provider[\"registry.terraform.io/hashicorp/azuread\"]",
      "instances": [
        {
          "schema_version": 0,
          "attributes": {
            "administrative_unit_ids": [],
            "assignable_to_role": false,
            "auto_subscribe_new_members": false,
            "behaviors": [],
            "description": "",
            "display_name": "TF-DEV Admins",
            "dynamic_membership": [],
            "external_senders_allowed": false,
            "hide_from_address_lists": false,
            "hide_from_outlook_clients": false,
            "id": "0f95bc3c-dcfb-4a61-beb5-33fe2c37da94",
            "mail": "",
            "mail_enabled": false,
            "mail_nickname": "bd9cdb4f-5",
            "members": [
              "3530d9d9-959d-463a-b4ed-78b6ce67844a"
            ],
            "object_id": "0f95bc3c-dcfb-4a61-beb5-33fe2c37da94",
            "onpremises_domain_name": "",
            "onpremises_group_type": "",
            "onpremises_netbios_name": "",
            "onpremises_sam_account_name": "",
            "onpremises_security_identifier": "",
            "onpremises_sync_enabled": false,
            "owners": [
              "98fe4c4e-8e68-4b1d-bc5a-a52c6d254031"
            ],
            "preferred_language": "",
            "prevent_duplicate_names": false,
            "provisioning_options": [],
            "proxy_addresses": [],
            "security_enabled": true,
            "theme": "",
            "timeouts": null,
            "types": [],
            "visibility": "",
            "writeback_enabled": false
          },
          "sensitive_attributes": [],
          "private": "eyJlMmJmYjczMC1lY2FhLTExZTYtOGY4OC0zNDM2M2JjN2M0YzAiOnsiY3JlYXRlIjoxMjAwMDAwMDAwMDAwLCJkZWxldGUiOjMwMDAwMDAwMDAwMCwicmVhZCI6MzAwMDAwMDAwMDAwLCJ1cGRhdGUiOjEyMDAwMDAwMDAwMDB9fQ==",
          "dependencies": [
            "data.azuread_client_config.current"
          ]
        }
      ]
    },
    {
      "mode": "managed",
      "type": "azuread_group",
      "name": "readers",
      "provider": "provider[\"registry.terraform.io/hashicorp/azuread\"]",
      "instances": [
        {
          "schema_version": 0,
          "attributes": {
            "administrative_unit_ids": [],
            "assignable_to_role": false,
            "auto_subscribe_new_members": false,
            "behaviors": [],
            "description": "",
            "display_name": "TF-DEV Readers",
            "dynamic_membership": [],
            "external_senders_allowed": false,
            "hide_from_address_lists": false,
            "hide_from_outlook_clients": false,
            "id": "6a45aa2c-7645-4227-81de-25ca72e532d2",
            "mail": "",
            "mail_enabled": false,
            "mail_nickname": "863ad698-8",
            "members": [
              "3530d9d9-959d-463a-b4ed-78b6ce67844a"
            ],
            "object_id": "6a45aa2c-7645-4227-81de-25ca72e532d2",
            "onpremises_domain_name": "",
            "onpremises_group_type": "",
            "onpremises_netbios_name": "",
            "onpremises_sam_account_name": "",
            "onpremises_security_identifier": "",
            "onpremises_sync_enabled": false,
            "owners": [
              "98fe4c4e-8e68-4b1d-bc5a-a52c6d254031"
            ],
            "preferred_language": "",
            "prevent_duplicate_names": false,
            "provisioning_options": [],
            "proxy_addresses": [],
            "security_enabled": true,
            "theme": "",
            "timeouts": null,
            "types": [],
            "visibility": "",
            "writeback_enabled": false
          },
          "sensitive_attributes": [],
          "private": "eyJlMmJmYjczMC1lY2FhLTExZTYtOGY4OC0zNDM2M2JjN2M0YzAiOnsiY3JlYXRlIjoxMjAwMDAwMDAwMDAwLCJkZWxldGUiOjMwMDAwMDAwMDAwMCwicmVhZCI6MzAwMDAwMDAwMDAwLCJ1cGRhdGUiOjEyMDAwMDAwMDAwMDB9fQ==",
          "dependencies": [
            "data.azuread_client_config.current"
          ]
        }
      ]
    },
    {
      "mode": "managed",
      "type": "azuread_group_member",
      "name": "admins",
      "provider": "provider[\"registry.terraform.io/hashicorp/azuread\"]",
      "instances": [
        {
          "index_key": "3530d9d9-959d-463a-b4ed-78b6ce67844a",
          "schema_version": 0,
          "attributes": {
            "group_object_id": "0f95bc3c-dcfb-4a61-beb5-33fe2c37da94",
            "id": "0f95bc3c-dcfb-4a61-beb5-33fe2c37da94/member/3530d9d9-959d-463a-b4ed-78b6ce67844a",
            "member_object_id": "3530d9d9-959d-463a-b4ed-78b6ce67844a",
            "timeouts": null
          },
          "sensitive_attributes": [],
          "private": "eyJlMmJmYjczMC1lY2FhLTExZTYtOGY4OC0zNDM2M2JjN2M0YzAiOnsiY3JlYXRlIjozMDAwMDAwMDAwMDAsImRlbGV0ZSI6MzAwMDAwMDAwMDAwLCJyZWFkIjozMDAwMDAwMDAwMDAsInVwZGF0ZSI6MzAwMDAwMDAwMDAwfX0=",
          "dependencies": [
            "azuread_group.admins",
            "data.azuread_client_config.current"
          ]
        },
        {
          "index_key": "829f5aaf-1820-4875-bfd3-ad3fc129f95e",
          "schema_version": 0,
          "attributes": {
            "group_object_id": "0f95bc3c-dcfb-4a61-beb5-33fe2c37da94",
            "id": "0f95bc3c-dcfb-4a61-beb5-33fe2c37da94/member/829f5aaf-1820-4875-bfd3-ad3fc129f95e",
            "member_object_id": "829f5aaf-1820-4875-bfd3-ad3fc129f95e",
            "timeouts": null
          },
          "sensitive_attributes": [],
          "private": "eyJlMmJmYjczMC1lY2FhLTExZTYtOGY4OC0zNDM2M2JjN2M0YzAiOnsiY3JlYXRlIjozMDAwMDAwMDAwMDAsImRlbGV0ZSI6MzAwMDAwMDAwMDAwLCJyZWFkIjozMDAwMDAwMDAwMDAsInVwZGF0ZSI6MzAwMDAwMDAwMDAwfX0=",
          "dependencies": [
            "azuread_group.admins",
            "data.azuread_client_config.current"
          ]
        }
      ]
    },
    {
      "mode": "managed",
      "type": "azuread_group_member",
      "name": "readers",
      "provider": "provider[\"registry.terraform.io/hashicorp/azuread\"]",
      "instances": [
        {
          "index_key": 0,
          "schema_version": 0,
          "attributes": {
            "group_object_id": "6a45aa2c-7645-4227-81de-25ca72e532d2",
            "id": "6a45aa2c-7645-4227-81de-25ca72e532d2/member/3530d9d9-959d-463a-b4ed-78b6ce67844a",
            "member_object_id": "3530d9d9-959d-463a-b4ed-78b6ce67844a",
            "timeouts": null
          },
          "sensitive_attributes": [],
          "private": "eyJlMmJmYjczMC1lY2FhLTExZTYtOGY4OC0zNDM2M2JjN2M0YzAiOnsiY3JlYXRlIjozMDAwMDAwMDAwMDAsImRlbGV0ZSI6MzAwMDAwMDAwMDAwLCJyZWFkIjozMDAwMDAwMDAwMDAsInVwZGF0ZSI6MzAwMDAwMDAwMDAwfX0=",
          "dependencies": [
            "azuread_group.readers",
            "data.azuread_client_config.current"
          ]
        }
      ]
    }
  ],
  "check_results": null
}
